{
  "name": "lowes-scraper",
  "version": "1.0.0",
  "lockfileVersion": 3,
  "requires": true,
  "packages": {
    "": {
      "name": "lowes-scraper",
      "version": "1.0.0",
      "dependencies": {
        "patchright": "^1.63.0"
      }
    },
    "node_modules/patchright": {
      "version": "1.63.0",
      "resolved": "https://registry.npmjs.org/patchright/-/patchright-1.63.0.tgz",
      "integrity": "sha512-WVXhmNhAJ5I+CmcHEu/I3KMKhOlQaKS1XJsk+5nRIypKJ3Dq9IaQP29p4vB3I1FWCTarUXVRj02Na30wGcuztQ==",
      "license": "Apache-2.0",
      "dependencies": {
        "patchright-core": "1.63.0"
      },
      "bin": {
        "patchright": "cli.js"
      },
      "engines": {
        "node": ">=20"
      }
    },
    "node_modules/patchright-core": {
      "version": "1.63.0",
      "resolved": "https://registry.npmjs.org/patchright-core/-/patchright-core-1.63.0.tgz",
      "integrity": "sha512-nuRJVTMVKoOFzY8vmwFqJZR3F0trUCKiPzDSgCOPq/yHHTefm9czILV23dXJsi5mvS7sCy7U1CqG7edA/21DtQ==",
      "license": "Apache-2.0",
      "bin": {
        "patchright-core": "cli.js"
      },
      "engines": {
        "node": ">=20"
      }
    }
  }
}
